
Microsoft Visual Studio Solution File, Format Version 12.00
# Visual Studio Version 18
VisualStudioVersion = 18.3.11222.16
MinimumVisualStudioVersion = 10.0.40219.1
Project("{FAE04EC0-301F-11D3-BF4B-00C04F79EFBC}") = "Bonsai.Gui", "src\Bonsai.Gui\Bonsai.Gui.csproj", "{B9678B9E-B8CE-4A70-B04D-E154392279E1}"
EndProject
Project("{FAE04EC0-301F-11D3-BF4B-00C04F79EFBC}") = "Bonsai.Gui.ZedGraph", "src\Bonsai.Gui.ZedGraph\Bonsai.Gui.ZedGraph.csproj", "{FDBC57F0-B0D6-4CA3-B733-79F4421526D6}"
EndProject
Project("{2150E333-8FDC-42A3-9474-1A3956D46DE8}") = "build", "build", "{DEE5DD87-39C1-BF34-B639-A387DCCF972B}"
	ProjectSection(SolutionItems) = preProject
		build\Common.csproj.props = build\Common.csproj.props
		build\Common.csproj.targets = build\Common.csproj.targets
		build\Common.Tests.csproj.props = build\Common.Tests.csproj.props
		build\icon.png = build\icon.png
		build\Package.props = build\Package.props
		build\Project.csproj.props = build\Project.csproj.props
	EndProjectSection
EndProject
Project("{FAE04EC0-301F-11D3-BF4B-00C04F79EFBC}") = "Bonsai.Gui.ImGui", "src\Bonsai.Gui.ImGui\Bonsai.Gui.ImGui.csproj", "{84CCE94E-8EB0-CBCE-EEE1-C55101819341}"
EndProject
Global
	GlobalSection(SolutionConfigurationPlatforms) = preSolution
		Debug|Any CPU = Debug|Any CPU
		Release|Any CPU = Release|Any CPU
	EndGlobalSection
	GlobalSection(ProjectConfigurationPlatforms) = postSolution
		{B9678B9E-B8CE-4A70-B04D-E154392279E1}.Debug|Any CPU.ActiveCfg = Debug|Any CPU
		{B9678B9E-B8CE-4A70-B04D-E154392279E1}.Debug|Any CPU.Build.0 = Debug|Any CPU
		{B9678B9E-B8CE-4A70-B04D-E154392279E1}.Release|Any CPU.ActiveCfg = Release|Any CPU
		{B9678B9E-B8CE-4A70-B04D-E154392279E1}.Release|Any CPU.Build.0 = Release|Any CPU
		{FDBC57F0-B0D6-4CA3-B733-79F4421526D6}.Debug|Any CPU.ActiveCfg = Debug|Any CPU
		{FDBC57F0-B0D6-4CA3-B733-79F4421526D6}.Debug|Any CPU.Build.0 = Debug|Any CPU
		{FDBC57F0-B0D6-4CA3-B733-79F4421526D6}.Release|Any CPU.ActiveCfg = Release|Any CPU
		{FDBC57F0-B0D6-4CA3-B733-79F4421526D6}.Release|Any CPU.Build.0 = Release|Any CPU
		{84CCE94E-8EB0-CBCE-EEE1-C55101819341}.Debug|Any CPU.ActiveCfg = Debug|Any CPU
		{84CCE94E-8EB0-CBCE-EEE1-C55101819341}.Debug|Any CPU.Build.0 = Debug|Any CPU
		{84CCE94E-8EB0-CBCE-EEE1-C55101819341}.Release|Any CPU.ActiveCfg = Release|Any CPU
		{84CCE94E-8EB0-CBCE-EEE1-C55101819341}.Release|Any CPU.Build.0 = Release|Any CPU
	EndGlobalSection
	GlobalSection(SolutionProperties) = preSolution
		HideSolutionNode = FALSE
	EndGlobalSection
	GlobalSection(ExtensibilityGlobals) = postSolution
		SolutionGuid = {149022CC-EB9E-444A-969E-190800AF89BA}
	EndGlobalSection
EndGlobal
